{
  "requires": true,
  "lockfileVersion": 1,
  "dependencies": {
    "bigdecimal": {
      "version": "0.6.1",
      "resolved": "https://registry.npmjs.org/bigdecimal/-/bigdecimal-0.6.1.tgz",
      "integrity": "sha1-GFiNS08ia3cxDtBFdIWMA2pUSFs="
    },
    "smbhash": {
      "version": "0.0.1",
      "resolved": "https://registry.npmjs.org/smbhash/-/smbhash-0.0.1.tgz",
      "integrity": "sha1-Pgtzz8bALUwMGamT6E5S4R/3oJk=",
      "requires": {
        "bigdecimal": ">= 0.6.0"
      }
    }
  }
}
